
Microsoft Visual Studio Solution File, Format Version 12.00
# Visual Studio Version 16
VisualStudioVersion = 16.0.32901.82
MinimumVisualStudioVersion = 10.0.40219.1
Project("{FAE04EC0-301F-11D3-BF4B-00C04F79EFBC}") = "lab1_asd(s)", "lab1_asd(s).csproj", "{9E812957-2CF3-4C77-949A-660C02A3C60A}"
EndProject
Global
	GlobalSection(SolutionConfigurationPlatforms) = preSolution
		Debug|Any CPU = Debug|Any CPU
		Release|Any CPU = Release|Any CPU
	EndGlobalSection
	GlobalSection(ProjectConfigurationPlatforms) = postSolution
		{9E812957-2CF3-4C77-949A-660C02A3C60A}.Debug|Any CPU.ActiveCfg = Debug|Any CPU
		{9E812957-2CF3-4C77-949A-660C02A3C60A}.Debug|Any CPU.Build.0 = Debug|Any CPU
		{9E812957-2CF3-4C77-949A-660C02A3C60A}.Release|Any CPU.ActiveCfg = Release|Any CPU
		{9E812957-2CF3-4C77-949A-660C02A3C60A}.Release|Any CPU.Build.0 = Release|Any CPU
	EndGlobalSection
	GlobalSection(SolutionProperties) = preSolution
		HideSolutionNode = FALSE
	EndGlobalSection
	GlobalSection(ExtensibilityGlobals) = postSolution
		SolutionGuid = {C12C86C0-51ED-4C66-A3CD-350AF5FC7F89}
	EndGlobalSection
EndGlobal
