
Microsoft Visual Studio Solution File, Format Version 12.00
# Visual Studio Version 16
VisualStudioVersion = 16.0.31624.102
MinimumVisualStudioVersion = 10.0.40219.1
Project("{FAE04EC0-301F-11D3-BF4B-00C04F79EFBC}") = "ASD_lab1", "ASD_lab1.csproj", "{DC7822CD-E281-47E1-AEF1-FC998151BF62}"
EndProject
Global
	GlobalSection(SolutionConfigurationPlatforms) = preSolution
		Debug|Any CPU = Debug|Any CPU
		Release|Any CPU = Release|Any CPU
	EndGlobalSection
	GlobalSection(ProjectConfigurationPlatforms) = postSolution
		{DC7822CD-E281-47E1-AEF1-FC998151BF62}.Debug|Any CPU.ActiveCfg = Debug|Any CPU
		{DC7822CD-E281-47E1-AEF1-FC998151BF62}.Debug|Any CPU.Build.0 = Debug|Any CPU
		{DC7822CD-E281-47E1-AEF1-FC998151BF62}.Release|Any CPU.ActiveCfg = Release|Any CPU
		{DC7822CD-E281-47E1-AEF1-FC998151BF62}.Release|Any CPU.Build.0 = Release|Any CPU
	EndGlobalSection
	GlobalSection(SolutionProperties) = preSolution
		HideSolutionNode = FALSE
	EndGlobalSection
	GlobalSection(ExtensibilityGlobals) = postSolution
		SolutionGuid = {E91D9350-ACDF-4966-8D50-FAD645D10EE2}
	EndGlobalSection
EndGlobal
